
Microsoft Visual Studio Solution File, Format Version 12.00
# Visual Studio Version 17
VisualStudioVersion = 17.3.32819.101
MinimumVisualStudioVersion = 10.0.40219.1
Project("{FAE04EC0-301F-11D3-BF4B-00C04F79EFBC}") = "massive", "massive\massive.csproj", "{5BD8E760-1369-4DBF-B2E2-2381F3E45403}"
EndProject
Global
	GlobalSection(SolutionConfigurationPlatforms) = preSolution
		Debug|Any CPU = Debug|Any CPU
		Release|Any CPU = Release|Any CPU
	EndGlobalSection
	GlobalSection(ProjectConfigurationPlatforms) = postSolution
		{5BD8E760-1369-4DBF-B2E2-2381F3E45403}.Debug|Any CPU.ActiveCfg = Debug|Any CPU
		{5BD8E760-1369-4DBF-B2E2-2381F3E45403}.Debug|Any CPU.Build.0 = Debug|Any CPU
		{5BD8E760-1369-4DBF-B2E2-2381F3E45403}.Release|Any CPU.ActiveCfg = Release|Any CPU
		{5BD8E760-1369-4DBF-B2E2-2381F3E45403}.Release|Any CPU.Build.0 = Release|Any CPU
	EndGlobalSection
	GlobalSection(SolutionProperties) = preSolution
		HideSolutionNode = FALSE
	EndGlobalSection
	GlobalSection(ExtensibilityGlobals) = postSolution
		SolutionGuid = {E21150ED-2135-4075-8EFF-57A647E7DE38}
	EndGlobalSection
EndGlobal
